// !$*UTF8*$!
{
	archiveVersion = 1;
	classes = {
	};
	objectVersion = 50;
	objects = {

/* Begin PBXBuildFile section */
		611739AC26865CEB00EAA455 /* UIColor+hex.swift in Sources */ = {isa = PBXBuildFile; fileRef = 611739AB26865CEB00EAA455 /* UIColor+hex.swift */; };
		611739AE26865CF800EAA455 /* ColorConstants.swift in Sources */ = {isa = PBXBuildFile; fileRef = 611739AD26865CF800EAA455 /* ColorConstants.swift */; };
		611739B0268671AE00EAA455 /* AmountLabel.swift in Sources */ = {isa = PBXBuildFile; fileRef = 611739AF268671AE00EAA455 /* AmountLabel.swift */; };
		611739E82687D8D500EAA455 /* NewExpenseViewController.swift in Sources */ = {isa = PBXBuildFile; fileRef = 611739E72687D8D500EAA455 /* NewExpenseViewController.swift */; };
		611739EB2687DC0000EAA455 /* ExpensesDataSource.swift in Sources */ = {isa = PBXBuildFile; fileRef = 611739EA2687DC0000EAA455 /* ExpensesDataSource.swift */; };
		611739ED2687DC4800EAA455 /* LocalExpenseDataSource.swift in Sources */ = {isa = PBXBuildFile; fileRef = 611739EC2687DC4800EAA455 /* LocalExpenseDataSource.swift */; };
		611739EF2687DE4000EAA455 /* NewExpenseView.swift in Sources */ = {isa = PBXBuildFile; fileRef = 611739EE2687DE4000EAA455 /* NewExpenseView.swift */; };
		611739F32687ED7D00EAA455 /* PaddingTextField.swift in Sources */ = {isa = PBXBuildFile; fileRef = 611739F22687ED7D00EAA455 /* PaddingTextField.swift */; };
		611739F52687EF2300EAA455 /* UIView+applyShadow().swift in Sources */ = {isa = PBXBuildFile; fileRef = 611739F42687EF2300EAA455 /* UIView+applyShadow().swift */; };
		611739F72688D3A500EAA455 /* CurrencyTextField.swift in Sources */ = {isa = PBXBuildFile; fileRef = 611739F62688D3A500EAA455 /* CurrencyTextField.swift */; };
		611739FB2689138700EAA455 /* HomeTabBarController.swift in Sources */ = {isa = PBXBuildFile; fileRef = 611739FA2689138700EAA455 /* HomeTabBarController.swift */; };
		6145E3102661CA71005FE93C /* MainView.swift in Sources */ = {isa = PBXBuildFile; fileRef = 6145E30F2661CA71005FE93C /* MainView.swift */; };
		6145E3192661CAA5005FE93C /* ProgramaticalLayout.swift in Sources */ = {isa = PBXBuildFile; fileRef = 6145E3182661CAA5005FE93C /* ProgramaticalLayout.swift */; };
		6145E3252661CF69005FE93C /* Expense.swift in Sources */ = {isa = PBXBuildFile; fileRef = 6145E3242661CF69005FE93C /* Expense.swift */; };
		6145E32D2661D196005FE93C /* ExpenseCell.swift in Sources */ = {isa = PBXBuildFile; fileRef = 6145E32C2661D196005FE93C /* ExpenseCell.swift */; };
		6170C9D5268C01AA00CABFE9 /* UIView+rotate.swift in Sources */ = {isa = PBXBuildFile; fileRef = 6170C9D4268C01AA00CABFE9 /* UIView+rotate.swift */; };
		61E414F1268531E100ADD921 /* SummaryView.swift in Sources */ = {isa = PBXBuildFile; fileRef = 61E414F0268531E100ADD921 /* SummaryView.swift */; };
		61E414F3268534A600ADD921 /* AutoLayout+PW.swift in Sources */ = {isa = PBXBuildFile; fileRef = 61E414F2268534A600ADD921 /* AutoLayout+PW.swift */; };
		61E4151B268538BE00ADD921 /* WorkSans-VariableFont_wght.ttf in Resources */ = {isa = PBXBuildFile; fileRef = 61E41519268538BE00ADD921 /* WorkSans-VariableFont_wght.ttf */; };
		61E4151C268538BE00ADD921 /* WorkSans-Italic-VariableFont_wght.ttf in Resources */ = {isa = PBXBuildFile; fileRef = 61E4151A268538BE00ADD921 /* WorkSans-Italic-VariableFont_wght.ttf */; };
		61E4151E2685393700ADD921 /* Fonts.swift in Sources */ = {isa = PBXBuildFile; fileRef = 61E4151D2685393700ADD921 /* Fonts.swift */; };
		8E20689925C9948B006C03C8 /* AppDelegate.swift in Sources */ = {isa = PBXBuildFile; fileRef = 8E20689825C9948B006C03C8 /* AppDelegate.swift */; };
		8E20689B25C9948B006C03C8 /* SceneDelegate.swift in Sources */ = {isa = PBXBuildFile; fileRef = 8E20689A25C9948B006C03C8 /* SceneDelegate.swift */; };
		8E20689D25C9948B006C03C8 /* MainViewController.swift in Sources */ = {isa = PBXBuildFile; fileRef = 8E20689C25C9948B006C03C8 /* MainViewController.swift */; };
		8E2068A225C9948C006C03C8 /* Assets.xcassets in Resources */ = {isa = PBXBuildFile; fileRef = 8E2068A125C9948C006C03C8 /* Assets.xcassets */; };
		8E2068A525C9948C006C03C8 /* LaunchScreen.storyboard in Resources */ = {isa = PBXBuildFile; fileRef = 8E2068A325C9948C006C03C8 /* LaunchScreen.storyboard */; };
		8E2068B025C9948C006C03C8 /* expensesAppTests.swift in Sources */ = {isa = PBXBuildFile; fileRef = 8E2068AF25C9948C006C03C8 /* expensesAppTests.swift */; };
		8E2068BB25C9948D006C03C8 /* expensesAppUITests.swift in Sources */ = {isa = PBXBuildFile; fileRef = 8E2068BA25C9948D006C03C8 /* expensesAppUITests.swift */; };
/* End PBXBuildFile section */

/* Begin PBXContainerItemProxy section */
		8E2068AC25C9948C006C03C8 /* PBXContainerItemProxy */ = {
			isa = PBXContainerItemProxy;
			containerPortal = 8E20688D25C9948B006C03C8 /* Project object */;
			proxyType = 1;
			remoteGlobalIDString = 8E20689425C9948B006C03C8;
			remoteInfo = expensesApp;
		};
		8E2068B725C9948D006C03C8 /* PBXContainerItemProxy */ = {
			isa = PBXContainerItemProxy;
			containerPortal = 8E20688D25C9948B006C03C8 /* Project object */;
			proxyType = 1;
			remoteGlobalIDString = 8E20689425C9948B006C03C8;
			remoteInfo = expensesApp;
		};
/* End PBXContainerItemProxy section */

/* Begin PBXFileReference section */
		611739AB26865CEB00EAA455 /* UIColor+hex.swift */ = {isa = PBXFileReference; lastKnownFileType = sourcecode.swift; path = "UIColor+hex.swift"; sourceTree = "<group>"; };
		611739AD26865CF800EAA455 /* ColorConstants.swift */ = {isa = PBXFileReference; lastKnownFileType = sourcecode.swift; path = ColorConstants.swift; sourceTree = "<group>"; };
		611739AF268671AE00EAA455 /* AmountLabel.swift */ = {isa = PBXFileReference; lastKnownFileType = sourcecode.swift; path = AmountLabel.swift; sourceTree = "<group>"; };
		611739E72687D8D500EAA455 /* NewExpenseViewController.swift */ = {isa = PBXFileReference; lastKnownFileType = sourcecode.swift; path = NewExpenseViewController.swift; sourceTree = "<group>"; };
		611739EA2687DC0000EAA455 /* ExpensesDataSource.swift */ = {isa = PBXFileReference; lastKnownFileType = sourcecode.swift; path = ExpensesDataSource.swift; sourceTree = "<group>"; };
		611739EC2687DC4800EAA455 /* LocalExpenseDataSource.swift */ = {isa = PBXFileReference; lastKnownFileType = sourcecode.swift; path = LocalExpenseDataSource.swift; sourceTree = "<group>"; };
		611739EE2687DE4000EAA455 /* NewExpenseView.swift */ = {isa = PBXFileReference; lastKnownFileType = sourcecode.swift; path = NewExpenseView.swift; sourceTree = "<group>"; };
		611739F22687ED7D00EAA455 /* PaddingTextField.swift */ = {isa = PBXFileReference; lastKnownFileType = sourcecode.swift; path = PaddingTextField.swift; sourceTree = "<group>"; };
		611739F42687EF2300EAA455 /* UIView+applyShadow().swift */ = {isa = PBXFileReference; lastKnownFileType = sourcecode.swift; path = "UIView+applyShadow().swift"; sourceTree = "<group>"; };
		611739F62688D3A500EAA455 /* CurrencyTextField.swift */ = {isa = PBXFileReference; lastKnownFileType = sourcecode.swift; path = CurrencyTextField.swift; sourceTree = "<group>"; };
		611739FA2689138700EAA455 /* HomeTabBarController.swift */ = {isa = PBXFileReference; lastKnownFileType = sourcecode.swift; path = HomeTabBarController.swift; sourceTree = "<group>"; };
		6145E30F2661CA71005FE93C /* MainView.swift */ = {isa = PBXFileReference; lastKnownFileType = sourcecode.swift; path = MainView.swift; sourceTree = "<group>"; };
		6145E3182661CAA5005FE93C /* ProgramaticalLayout.swift */ = {isa = PBXFileReference; lastKnownFileType = sourcecode.swift; path = ProgramaticalLayout.swift; sourceTree = "<group>"; };
		6145E3242661CF69005FE93C /* Expense.swift */ = {isa = PBXFileReference; lastKnownFileType = sourcecode.swift; path = Expense.swift; sourceTree = "<group>"; };
		6145E32C2661D196005FE93C /* ExpenseCell.swift */ = {isa = PBXFileReference; lastKnownFileType = sourcecode.swift; path = ExpenseCell.swift; sourceTree = "<group>"; };
		6170C9D4268C01AA00CABFE9 /* UIView+rotate.swift */ = {isa = PBXFileReference; lastKnownFileType = sourcecode.swift; path = "UIView+rotate.swift"; sourceTree = "<group>"; };
		61E414F0268531E100ADD921 /* SummaryView.swift */ = {isa = PBXFileReference; lastKnownFileType = sourcecode.swift; path = SummaryView.swift; sourceTree = "<group>"; };
		61E414F2268534A600ADD921 /* AutoLayout+PW.swift */ = {isa = PBXFileReference; lastKnownFileType = sourcecode.swift; path = "AutoLayout+PW.swift"; sourceTree = "<group>"; };
		61E41519268538BE00ADD921 /* WorkSans-VariableFont_wght.ttf */ = {isa = PBXFileReference; lastKnownFileType = file; name = "WorkSans-VariableFont_wght.ttf"; path = "../../../../../Downloads/Work_Sans/WorkSans-VariableFont_wght.ttf"; sourceTree = "<group>"; };
		61E4151A268538BE00ADD921 /* WorkSans-Italic-VariableFont_wght.ttf */ = {isa = PBXFileReference; lastKnownFileType = file; name = "WorkSans-Italic-VariableFont_wght.ttf"; path = "../../../../../Downloads/Work_Sans/WorkSans-Italic-VariableFont_wght.ttf"; sourceTree = "<group>"; };
		61E4151D2685393700ADD921 /* Fonts.swift */ = {isa = PBXFileReference; lastKnownFileType = sourcecode.swift; path = Fonts.swift; sourceTree = "<group>"; };
		8E20689525C9948B006C03C8 /* expensesApp.app */ = {isa = PBXFileReference; explicitFileType = wrapper.application; includeInIndex = 0; path = expensesApp.app; sourceTree = BUILT_PRODUCTS_DIR; };
		8E20689825C9948B006C03C8 /* AppDelegate.swift */ = {isa = PBXFileReference; lastKnownFileType = sourcecode.swift; path = AppDelegate.swift; sourceTree = "<group>"; };
		8E20689A25C9948B006C03C8 /* SceneDelegate.swift */ = {isa = PBXFileReference; lastKnownFileType = sourcecode.swift; path = SceneDelegate.swift; sourceTree = "<group>"; };
		8E20689C25C9948B006C03C8 /* MainViewController.swift */ = {isa = PBXFileReference; lastKnownFileType = sourcecode.swift; path = MainViewController.swift; sourceTree = "<group>"; };
		8E2068A125C9948C006C03C8 /* Assets.xcassets */ = {isa = PBXFileReference; lastKnownFileType = folder.assetcatalog; path = Assets.xcassets; sourceTree = "<group>"; };
		8E2068A425C9948C006C03C8 /* Base */ = {isa = PBXFileReference; lastKnownFileType = file.storyboard; name = Base; path = Base.lproj/LaunchScreen.storyboard; sourceTree = "<group>"; };
		8E2068A625C9948C006C03C8 /* Info.plist */ = {isa = PBXFileReference; lastKnownFileType = text.plist.xml; path = Info.plist; sourceTree = "<group>"; };
		8E2068AB25C9948C006C03C8 /* expensesAppTests.xctest */ = {isa = PBXFileReference; explicitFileType = wrapper.cfbundle; includeInIndex = 0; path = expensesAppTests.xctest; sourceTree = BUILT_PRODUCTS_DIR; };
		8E2068AF25C9948C006C03C8 /* expensesAppTests.swift */ = {isa = PBXFileReference; lastKnownFileType = sourcecode.swift; path = expensesAppTests.swift; sourceTree = "<group>"; };
		8E2068B125C9948C006C03C8 /* Info.plist */ = {isa = PBXFileReference; lastKnownFileType = text.plist.xml; path = Info.plist; sourceTree = "<group>"; };
		8E2068B625C9948C006C03C8 /* expensesAppUITests.xctest */ = {isa = PBXFileReference; explicitFileType = wrapper.cfbundle; includeInIndex = 0; path = expensesAppUITests.xctest; sourceTree = BUILT_PRODUCTS_DIR; };
		8E2068BA25C9948D006C03C8 /* expensesAppUITests.swift */ = {isa = PBXFileReference; lastKnownFileType = sourcecode.swift; path = expensesAppUITests.swift; sourceTree = "<group>"; };
		8E2068BC25C9948D006C03C8 /* Info.plist */ = {isa = PBXFileReference; lastKnownFileType = text.plist.xml; path = Info.plist; sourceTree = "<group>"; };
/* End PBXFileReference section */

/* Begin PBXFrameworksBuildPhase section */
		8E20689225C9948B006C03C8 /* Frameworks */ = {
			isa = PBXFrameworksBuildPhase;
			buildActionMask = 2147483647;
			files = (
			);
			runOnlyForDeploymentPostprocessing = 0;
		};
		8E2068A825C9948C006C03C8 /* Frameworks */ = {
			isa = PBXFrameworksBuildPhase;
			buildActionMask = 2147483647;
			files = (
			);
			runOnlyForDeploymentPostprocessing = 0;
		};
		8E2068B325C9948C006C03C8 /* Frameworks */ = {
			isa = PBXFrameworksBuildPhase;
			buildActionMask = 2147483647;
			files = (
			);
			runOnlyForDeploymentPostprocessing = 0;
		};
/* End PBXFrameworksBuildPhase section */

/* Begin PBXGroup section */
		611739E62687D8BE00EAA455 /* NewExpense */ = {
			isa = PBXGroup;
			children = (
				611739E72687D8D500EAA455 /* NewExpenseViewController.swift */,
				611739EE2687DE4000EAA455 /* NewExpenseView.swift */,
			);
			path = NewExpense;
			sourceTree = "<group>";
		};
		611739E92687DBEE00EAA455 /* Protocols */ = {
			isa = PBXGroup;
			children = (
				6145E3182661CAA5005FE93C /* ProgramaticalLayout.swift */,
				611739EA2687DC0000EAA455 /* ExpensesDataSource.swift */,
			);
			path = Protocols;
			sourceTree = "<group>";
		};
		6145E3172661CA96005FE93C /* Common */ = {
			isa = PBXGroup;
			children = (
				6170C9D3268C018B00CABFE9 /* Extensions */,
				611739E92687DBEE00EAA455 /* Protocols */,
				61E414F2268534A600ADD921 /* AutoLayout+PW.swift */,
				61E4151D2685393700ADD921 /* Fonts.swift */,
				611739AD26865CF800EAA455 /* ColorConstants.swift */,
				611739EC2687DC4800EAA455 /* LocalExpenseDataSource.swift */,
			);
			path = Common;
			sourceTree = "<group>";
		};
		6145E3232661CF60005FE93C /* Model */ = {
			isa = PBXGroup;
			children = (
				6145E3242661CF69005FE93C /* Expense.swift */,
			);
			path = Model;
			sourceTree = "<group>";
		};
		6170C9D3268C018B00CABFE9 /* Extensions */ = {
			isa = PBXGroup;
			children = (
				611739F42687EF2300EAA455 /* UIView+applyShadow().swift */,
				611739AB26865CEB00EAA455 /* UIColor+hex.swift */,
				6170C9D4268C01AA00CABFE9 /* UIView+rotate.swift */,
			);
			path = Extensions;
			sourceTree = "<group>";
		};
		61E414F42685383300ADD921 /* Fonts */ = {
			isa = PBXGroup;
			children = (
				61E4151A268538BE00ADD921 /* WorkSans-Italic-VariableFont_wght.ttf */,
				61E41519268538BE00ADD921 /* WorkSans-VariableFont_wght.ttf */,
			);
			name = Fonts;
			sourceTree = "<group>";
		};
		8E20688C25C9948B006C03C8 = {
			isa = PBXGroup;
			children = (
				8E20689725C9948B006C03C8 /* expensesApp */,
				8E2068AE25C9948C006C03C8 /* expensesAppTests */,
				8E2068B925C9948D006C03C8 /* expensesAppUITests */,
				8E20689625C9948B006C03C8 /* Products */,
			);
			sourceTree = "<group>";
		};
		8E20689625C9948B006C03C8 /* Products */ = {
			isa = PBXGroup;
			children = (
				8E20689525C9948B006C03C8 /* expensesApp.app */,
				8E2068AB25C9948C006C03C8 /* expensesAppTests.xctest */,
				8E2068B625C9948C006C03C8 /* expensesAppUITests.xctest */,
			);
			name = Products;
			sourceTree = "<group>";
		};
		8E20689725C9948B006C03C8 /* expensesApp */ = {
			isa = PBXGroup;
			children = (
				6145E3232661CF60005FE93C /* Model */,
				6145E3172661CA96005FE93C /* Common */,
				E9C6896525C9D2F50076DD78 /* Resources */,
				E9C6896125C9D2680076DD78 /* Scenes */,
				8E20689825C9948B006C03C8 /* AppDelegate.swift */,
				8E20689A25C9948B006C03C8 /* SceneDelegate.swift */,
				8E2068A325C9948C006C03C8 /* LaunchScreen.storyboard */,
				8E2068A625C9948C006C03C8 /* Info.plist */,
			);
			path = expensesApp;
			sourceTree = "<group>";
		};
		8E2068AE25C9948C006C03C8 /* expensesAppTests */ = {
			isa = PBXGroup;
			children = (
				8E2068AF25C9948C006C03C8 /* expensesAppTests.swift */,
				8E2068B125C9948C006C03C8 /* Info.plist */,
			);
			path = expensesAppTests;
			sourceTree = "<group>";
		};
		8E2068B925C9948D006C03C8 /* expensesAppUITests */ = {
			isa = PBXGroup;
			children = (
				8E2068BA25C9948D006C03C8 /* expensesAppUITests.swift */,
				8E2068BC25C9948D006C03C8 /* Info.plist */,
			);
			path = expensesAppUITests;
			sourceTree = "<group>";
		};
		E9C6896125C9D2680076DD78 /* Scenes */ = {
			isa = PBXGroup;
			children = (
				611739E62687D8BE00EAA455 /* NewExpense */,
				E9C6896325C9D2BE0076DD78 /* MainView */,
				61E414F0268531E100ADD921 /* SummaryView.swift */,
				611739AF268671AE00EAA455 /* AmountLabel.swift */,
				611739F22687ED7D00EAA455 /* PaddingTextField.swift */,
				611739F62688D3A500EAA455 /* CurrencyTextField.swift */,
				611739FA2689138700EAA455 /* HomeTabBarController.swift */,
			);
			path = Scenes;
			sourceTree = "<group>";
		};
		E9C6896325C9D2BE0076DD78 /* MainView */ = {
			isa = PBXGroup;
			children = (
				8E20689C25C9948B006C03C8 /* MainViewController.swift */,
				6145E30F2661CA71005FE93C /* MainView.swift */,
				6145E32C2661D196005FE93C /* ExpenseCell.swift */,
			);
			path = MainView;
			sourceTree = "<group>";
		};
		E9C6896525C9D2F50076DD78 /* Resources */ = {
			isa = PBXGroup;
			children = (
				61E414F42685383300ADD921 /* Fonts */,
				8E2068A125C9948C006C03C8 /* Assets.xcassets */,
			);
			name = Resources;
			sourceTree = "<group>";
		};
/* End PBXGroup section */

/* Begin PBXNativeTarget section */
		8E20689425C9948B006C03C8 /* expensesApp */ = {
			isa = PBXNativeTarget;
			buildConfigurationList = 8E2068BF25C9948D006C03C8 /* Build configuration list for PBXNativeTarget "expensesApp" */;
			buildPhases = (
				8E20689125C9948B006C03C8 /* Sources */,
				8E20689225C9948B006C03C8 /* Frameworks */,
				8E20689325C9948B006C03C8 /* Resources */,
			);
			buildRules = (
			);
			dependencies = (
			);
			name = expensesApp;
			productName = expensesApp;
			productReference = 8E20689525C9948B006C03C8 /* expensesApp.app */;
			productType = "com.apple.product-type.application";
		};
		8E2068AA25C9948C006C03C8 /* expensesAppTests */ = {
			isa = PBXNativeTarget;
			buildConfigurationList = 8E2068C225C9948D006C03C8 /* Build configuration list for PBXNativeTarget "expensesAppTests" */;
			buildPhases = (
				8E2068A725C9948C006C03C8 /* Sources */,
				8E2068A825C9948C006C03C8 /* Frameworks */,
				8E2068A925C9948C006C03C8 /* Resources */,
			);
			buildRules = (
			);
			dependencies = (
				8E2068AD25C9948C006C03C8 /* PBXTargetDependency */,
			);
			name = expensesAppTests;
			productName = expensesAppTests;
			productReference = 8E2068AB25C9948C006C03C8 /* expensesAppTests.xctest */;
			productType = "com.apple.product-type.bundle.unit-test";
		};
		8E2068B525C9948C006C03C8 /* expensesAppUITests */ = {
			isa = PBXNativeTarget;
			buildConfigurationList = 8E2068C525C9948D006C03C8 /* Build configuration list for PBXNativeTarget "expensesAppUITests" */;
			buildPhases = (
				8E2068B225C9948C006C03C8 /* Sources */,
				8E2068B325C9948C006C03C8 /* Frameworks */,
				8E2068B425C9948C006C03C8 /* Resources */,
			);
			buildRules = (
			);
			dependencies = (
				8E2068B825C9948D006C03C8 /* PBXTargetDependency */,
			);
			name = expensesAppUITests;
			productName = expensesAppUITests;
			productReference = 8E2068B625C9948C006C03C8 /* expensesAppUITests.xctest */;
			productType = "com.apple.product-type.bundle.ui-testing";
		};
/* End PBXNativeTarget section */

/* Begin PBXProject section */
		8E20688D25C9948B006C03C8 /* Project object */ = {
			isa = PBXProject;
			attributes = {
				LastSwiftUpdateCheck = 1240;
				LastUpgradeCheck = 1240;
				TargetAttributes = {
					8E20689425C9948B006C03C8 = {
						CreatedOnToolsVersion = 12.4;
					};
					8E2068AA25C9948C006C03C8 = {
						CreatedOnToolsVersion = 12.4;
						TestTargetID = 8E20689425C9948B006C03C8;
					};
					8E2068B525C9948C006C03C8 = {
						CreatedOnToolsVersion = 12.4;
						TestTargetID = 8E20689425C9948B006C03C8;
					};
				};
			};
			buildConfigurationList = 8E20689025C9948B006C03C8 /* Build configuration list for PBXProject "expensesApp" */;
			compatibilityVersion = "Xcode 9.3";
			developmentRegion = en;
			hasScannedForEncodings = 0;
			knownRegions = (
				en,
				Base,
			);
			mainGroup = 8E20688C25C9948B006C03C8;
			productRefGroup = 8E20689625C9948B006C03C8 /* Products */;
			projectDirPath = "";
			projectRoot = "";
			targets = (
				8E20689425C9948B006C03C8 /* expensesApp */,
				8E2068AA25C9948C006C03C8 /* expensesAppTests */,
				8E2068B525C9948C006C03C8 /* expensesAppUITests */,
			);
		};
/* End PBXProject section */

/* Begin PBXResourcesBuildPhase section */
		8E20689325C9948B006C03C8 /* Resources */ = {
			isa = PBXResourcesBuildPhase;
			buildActionMask = 2147483647;
			files = (
				8E2068A525C9948C006C03C8 /* LaunchScreen.storyboard in Resources */,
				8E2068A225C9948C006C03C8 /* Assets.xcassets in Resources */,
				61E4151B268538BE00ADD921 /* WorkSans-VariableFont_wght.ttf in Resources */,
				61E4151C268538BE00ADD921 /* WorkSans-Italic-VariableFont_wght.ttf in Resources */,
			);
			runOnlyForDeploymentPostprocessing = 0;
		};
		8E2068A925C9948C006C03C8 /* Resources */ = {
			isa = PBXResourcesBuildPhase;
			buildActionMask = 2147483647;
			files = (
			);
			runOnlyForDeploymentPostprocessing = 0;
		};
		8E2068B425C9948C006C03C8 /* Resources */ = {
			isa = PBXResourcesBuildPhase;
			buildActionMask = 2147483647;
			files = (
			);
			runOnlyForDeploymentPostprocessing = 0;
		};
/* End PBXResourcesBuildPhase section */

/* Begin PBXSourcesBuildPhase section */
		8E20689125C9948B006C03C8 /* Sources */ = {
			isa = PBXSourcesBuildPhase;
			buildActionMask = 2147483647;
			files = (
				611739ED2687DC4800EAA455 /* LocalExpenseDataSource.swift in Sources */,
				6145E3252661CF69005FE93C /* Expense.swift in Sources */,
				611739FB2689138700EAA455 /* HomeTabBarController.swift in Sources */,
				8E20689D25C9948B006C03C8 /* MainViewController.swift in Sources */,
				6145E3102661CA71005FE93C /* MainView.swift in Sources */,
				611739AE26865CF800EAA455 /* ColorConstants.swift in Sources */,
				611739F72688D3A500EAA455 /* CurrencyTextField.swift in Sources */,
				8E20689925C9948B006C03C8 /* AppDelegate.swift in Sources */,
				6145E32D2661D196005FE93C /* ExpenseCell.swift in Sources */,
				611739EF2687DE4000EAA455 /* NewExpenseView.swift in Sources */,
				61E414F1268531E100ADD921 /* SummaryView.swift in Sources */,
				611739E82687D8D500EAA455 /* NewExpenseViewController.swift in Sources */,
				611739EB2687DC0000EAA455 /* ExpensesDataSource.swift in Sources */,
				61E4151E2685393700ADD921 /* Fonts.swift in Sources */,
				611739AC26865CEB00EAA455 /* UIColor+hex.swift in Sources */,
				6170C9D5268C01AA00CABFE9 /* UIView+rotate.swift in Sources */,
				611739F52687EF2300EAA455 /* UIView+applyShadow().swift in Sources */,
				6145E3192661CAA5005FE93C /* ProgramaticalLayout.swift in Sources */,
				61E414F3268534A600ADD921 /* AutoLayout+PW.swift in Sources */,
				8E20689B25C9948B006C03C8 /* SceneDelegate.swift in Sources */,
				611739B0268671AE00EAA455 /* AmountLabel.swift in Sources */,
				611739F32687ED7D00EAA455 /* PaddingTextField.swift in Sources */,
			);
			runOnlyForDeploymentPostprocessing = 0;
		};
		8E2068A725C9948C006C03C8 /* Sources */ = {
			isa = PBXSourcesBuildPhase;
			buildActionMask = 2147483647;
			files = (
				8E2068B025C9948C006C03C8 /* expensesAppTests.swift in Sources */,
			);
			runOnlyForDeploymentPostprocessing = 0;
		};
		8E2068B225C9948C006C03C8 /* Sources */ = {
			isa = PBXSourcesBuildPhase;
			buildActionMask = 2147483647;
			files = (
				8E2068BB25C9948D006C03C8 /* expensesAppUITests.swift in Sources */,
			);
			runOnlyForDeploymentPostprocessing = 0;
		};
/* End PBXSourcesBuildPhase section */

/* Begin PBXTargetDependency section */
		8E2068AD25C9948C006C03C8 /* PBXTargetDependency */ = {
			isa = PBXTargetDependency;
			target = 8E20689425C9948B006C03C8 /* expensesApp */;
			targetProxy = 8E2068AC25C9948C006C03C8 /* PBXContainerItemProxy */;
		};
		8E2068B825C9948D006C03C8 /* PBXTargetDependency */ = {
			isa = PBXTargetDependency;
			target = 8E20689425C9948B006C03C8 /* expensesApp */;
			targetProxy = 8E2068B725C9948D006C03C8 /* PBXContainerItemProxy */;
		};
/* End PBXTargetDependency section */

/* Begin PBXVariantGroup section */
		8E2068A325C9948C006C03C8 /* LaunchScreen.storyboard */ = {
			isa = PBXVariantGroup;
			children = (
				8E2068A425C9948C006C03C8 /* Base */,
			);
			name = LaunchScreen.storyboard;
			sourceTree = "<group>";
		};
/* End PBXVariantGroup section */

/* Begin XCBuildConfiguration section */
		8E2068BD25C9948D006C03C8 /* Debug */ = {
			isa = XCBuildConfiguration;
			buildSettings = {
				ALWAYS_SEARCH_USER_PATHS = NO;
				CLANG_ANALYZER_NONNULL = YES;
				CLANG_ANALYZER_NUMBER_OBJECT_CONVERSION = YES_AGGRESSIVE;
				CLANG_CXX_LANGUAGE_STANDARD = "gnu++14";
				CLANG_CXX_LIBRARY = "libc++";
				CLANG_ENABLE_MODULES = YES;
				CLANG_ENABLE_OBJC_ARC = YES;
				CLANG_ENABLE_OBJC_WEAK = YES;
				CLANG_WARN_BLOCK_CAPTURE_AUTORELEASING = YES;
				CLANG_WARN_BOOL_CONVERSION = YES;
				CLANG_WARN_COMMA = YES;
				CLANG_WARN_CONSTANT_CONVERSION = YES;
				CLANG_WARN_DEPRECATED_OBJC_IMPLEMENTATIONS = YES;
				CLANG_WARN_DIRECT_OBJC_ISA_USAGE = YES_ERROR;
				CLANG_WARN_DOCUMENTATION_COMMENTS = YES;
				CLANG_WARN_EMPTY_BODY = YES;
				CLANG_WARN_ENUM_CONVERSION = YES;
				CLANG_WARN_INFINITE_RECURSION = YES;
				CLANG_WARN_INT_CONVERSION = YES;
				CLANG_WARN_NON_LITERAL_NULL_CONVERSION = YES;
				CLANG_WARN_OBJC_IMPLICIT_RETAIN_SELF = YES;
				CLANG_WARN_OBJC_LITERAL_CONVERSION = YES;
				CLANG_WARN_OBJC_ROOT_CLASS = YES_ERROR;
				CLANG_WARN_QUOTED_INCLUDE_IN_FRAMEWORK_HEADER = YES;
				CLANG_WARN_RANGE_LOOP_ANALYSIS = YES;
				CLANG_WARN_STRICT_PROTOTYPES = YES;
				CLANG_WARN_SUSPICIOUS_MOVE = YES;
				CLANG_WARN_UNGUARDED_AVAILABILITY = YES_AGGRESSIVE;
				CLANG_WARN_UNREACHABLE_CODE = YES;
				CLANG_WARN__DUPLICATE_METHOD_MATCH = YES;
				COPY_PHASE_STRIP = NO;
				DEBUG_INFORMATION_FORMAT = dwarf;
				ENABLE_STRICT_OBJC_MSGSEND = YES;
				ENABLE_TESTABILITY = YES;
				GCC_C_LANGUAGE_STANDARD = gnu11;
				GCC_DYNAMIC_NO_PIC = NO;
				GCC_NO_COMMON_BLOCKS = YES;
				GCC_OPTIMIZATION_LEVEL = 0;
				GCC_PREPROCESSOR_DEFINITIONS = (
					"DEBUG=1",
					"$(inherited)",
				);
				GCC_WARN_64_TO_32_BIT_CONVERSION = YES;
				GCC_WARN_ABOUT_RETURN_TYPE = YES_ERROR;
				GCC_WARN_UNDECLARED_SELECTOR = YES;
				GCC_WARN_UNINITIALIZED_AUTOS = YES_AGGRESSIVE;
				GCC_WARN_UNUSED_FUNCTION = YES;
				GCC_WARN_UNUSED_VARIABLE = YES;
				IPHONEOS_DEPLOYMENT_TARGET = 14.4;
				MTL_ENABLE_DEBUG_INFO = INCLUDE_SOURCE;
				MTL_FAST_MATH = YES;
				ONLY_ACTIVE_ARCH = YES;
				SDKROOT = iphoneos;
				SWIFT_ACTIVE_COMPILATION_CONDITIONS = DEBUG;
				SWIFT_OPTIMIZATION_LEVEL = "-Onone";
			};
			name = Debug;
		};
		8E2068BE25C9948D006C03C8 /* Release */ = {
			isa = XCBuildConfiguration;
			buildSettings = {
				ALWAYS_SEARCH_USER_PATHS = NO;
				CLANG_ANALYZER_NONNULL = YES;
				CLANG_ANALYZER_NUMBER_OBJECT_CONVERSION = YES_AGGRESSIVE;
				CLANG_CXX_LANGUAGE_STANDARD = "gnu++14";
				CLANG_CXX_LIBRARY = "libc++";
				CLANG_ENABLE_MODULES = YES;
				CLANG_ENABLE_OBJC_ARC = YES;
				CLANG_ENABLE_OBJC_WEAK = YES;
				CLANG_WARN_BLOCK_CAPTURE_AUTORELEASING = YES;
				CLANG_WARN_BOOL_CONVERSION = YES;
				CLANG_WARN_COMMA = YES;
				CLANG_WARN_CONSTANT_CONVERSION = YES;
				CLANG_WARN_DEPRECATED_OBJC_IMPLEMENTATIONS = YES;
				CLANG_WARN_DIRECT_OBJC_ISA_USAGE = YES_ERROR;
				CLANG_WARN_DOCUMENTATION_COMMENTS = YES;
				CLANG_WARN_EMPTY_BODY = YES;
				CLANG_WARN_ENUM_CONVERSION = YES;
				CLANG_WARN_INFINITE_RECURSION = YES;
				CLANG_WARN_INT_CONVERSION = YES;
				CLANG_WARN_NON_LITERAL_NULL_CONVERSION = YES;
				CLANG_WARN_OBJC_IMPLICIT_RETAIN_SELF = YES;
				CLANG_WARN_OBJC_LITERAL_CONVERSION = YES;
				CLANG_WARN_OBJC_ROOT_CLASS = YES_ERROR;
				CLANG_WARN_QUOTED_INCLUDE_IN_FRAMEWORK_HEADER = YES;
				CLANG_WARN_RANGE_LOOP_ANALYSIS = YES;
				CLANG_WARN_STRICT_PROTOTYPES = YES;
				CLANG_WARN_SUSPICIOUS_MOVE = YES;
				CLANG_WARN_UNGUARDED_AVAILABILITY = YES_AGGRESSIVE;
				CLANG_WARN_UNREACHABLE_CODE = YES;
				CLANG_WARN__DUPLICATE_METHOD_MATCH = YES;
				COPY_PHASE_STRIP = NO;
				DEBUG_INFORMATION_FORMAT = "dwarf-with-dsym";
				ENABLE_NS_ASSERTIONS = NO;
				ENABLE_STRICT_OBJC_MSGSEND = YES;
				GCC_C_LANGUAGE_STANDARD = gnu11;
				GCC_NO_COMMON_BLOCKS = YES;
				GCC_WARN_64_TO_32_BIT_CONVERSION = YES;
				GCC_WARN_ABOUT_RETURN_TYPE = YES_ERROR;
				GCC_WARN_UNDECLARED_SELECTOR = YES;
				GCC_WARN_UNINITIALIZED_AUTOS = YES_AGGRESSIVE;
				GCC_WARN_UNUSED_FUNCTION = YES;
				GCC_WARN_UNUSED_VARIABLE = YES;
				IPHONEOS_DEPLOYMENT_TARGET = 14.4;
				MTL_ENABLE_DEBUG_INFO = NO;
				MTL_FAST_MATH = YES;
				SDKROOT = iphoneos;
				SWIFT_COMPILATION_MODE = wholemodule;
				SWIFT_OPTIMIZATION_LEVEL = "-O";
				VALIDATE_PRODUCT = YES;
			};
			name = Release;
		};
		8E2068C025C9948D006C03C8 /* Debug */ = {
			isa = XCBuildConfiguration;
			buildSettings = {
				ASSETCATALOG_COMPILER_APPICON_NAME = AppIcon;
				ASSETCATALOG_COMPILER_GLOBAL_ACCENT_COLOR_NAME = AccentColor;
				CODE_SIGN_STYLE = Automatic;
				DEVELOPMENT_TEAM = 9A7SR3D845;
				INFOPLIST_FILE = expensesApp/Info.plist;
				IPHONEOS_DEPLOYMENT_TARGET = 13.0;
				LD_RUNPATH_SEARCH_PATHS = (
					"$(inherited)",
					"@executable_path/Frameworks",
				);
				PRODUCT_BUNDLE_IDENTIFIER = com.apinto.expensesApp;
				PRODUCT_NAME = "$(TARGET_NAME)";
				SWIFT_VERSION = 5.0;
				TARGETED_DEVICE_FAMILY = 1;
			};
			name = Debug;
		};
		8E2068C125C9948D006C03C8 /* Release */ = {
			isa = XCBuildConfiguration;
			buildSettings = {
				ASSETCATALOG_COMPILER_APPICON_NAME = AppIcon;
				ASSETCATALOG_COMPILER_GLOBAL_ACCENT_COLOR_NAME = AccentColor;
				CODE_SIGN_STYLE = Automatic;
				DEVELOPMENT_TEAM = 9A7SR3D845;
				INFOPLIST_FILE = expensesApp/Info.plist;
				IPHONEOS_DEPLOYMENT_TARGET = 13.0;
				LD_RUNPATH_SEARCH_PATHS = (
					"$(inherited)",
					"@executable_path/Frameworks",
				);
				PRODUCT_BUNDLE_IDENTIFIER = com.apinto.expensesApp;
				PRODUCT_NAME = "$(TARGET_NAME)";
				SWIFT_VERSION = 5.0;
				TARGETED_DEVICE_FAMILY = 1;
			};
			name = Release;
		};
		8E2068C325C9948D006C03C8 /* Debug */ = {
			isa = XCBuildConfiguration;
			buildSettings = {
				ALWAYS_EMBED_SWIFT_STANDARD_LIBRARIES = YES;
				BUNDLE_LOADER = "$(TEST_HOST)";
				CODE_SIGN_STYLE = Automatic;
				DEVELOPMENT_TEAM = 9A7SR3D845;
				INFOPLIST_FILE = expensesAppTests/Info.plist;
				IPHONEOS_DEPLOYMENT_TARGET = 14.0;
				LD_RUNPATH_SEARCH_PATHS = (
					"$(inherited)",
					"@executable_path/Frameworks",
					"@loader_path/Frameworks",
				);
				PRODUCT_BUNDLE_IDENTIFIER = com.apinto.expensesAppTests;
				PRODUCT_NAME = "$(TARGET_NAME)";
				SWIFT_VERSION = 5.0;
				TARGETED_DEVICE_FAMILY = "1,2";
				TEST_HOST = "$(BUILT_PRODUCTS_DIR)/expensesApp.app/expensesApp";
			};
			name = Debug;
		};
		8E2068C425C9948D006C03C8 /* Release */ = {
			isa = XCBuildConfiguration;
			buildSettings = {
				ALWAYS_EMBED_SWIFT_STANDARD_LIBRARIES = YES;
				BUNDLE_LOADER = "$(TEST_HOST)";
				CODE_SIGN_STYLE = Automatic;
				DEVELOPMENT_TEAM = 9A7SR3D845;
				INFOPLIST_FILE = expensesAppTests/Info.plist;
				IPHONEOS_DEPLOYMENT_TARGET = 14.0;
				LD_RUNPATH_SEARCH_PATHS = (
					"$(inherited)",
					"@executable_path/Frameworks",
					"@loader_path/Frameworks",
				);
				PRODUCT_BUNDLE_IDENTIFIER = com.apinto.expensesAppTests;
				PRODUCT_NAME = "$(TARGET_NAME)";
				SWIFT_VERSION = 5.0;
				TARGETED_DEVICE_FAMILY = "1,2";
				TEST_HOST = "$(BUILT_PRODUCTS_DIR)/expensesApp.app/expensesApp";
			};
			name = Release;
		};
		8E2068C625C9948D006C03C8 /* Debug */ = {
			isa = XCBuildConfiguration;
			buildSettings = {
				ALWAYS_EMBED_SWIFT_STANDARD_LIBRARIES = YES;
				CODE_SIGN_STYLE = Automatic;
				DEVELOPMENT_TEAM = 9A7SR3D845;
				INFOPLIST_FILE = expensesAppUITests/Info.plist;
				IPHONEOS_DEPLOYMENT_TARGET = 14.0;
				LD_RUNPATH_SEARCH_PATHS = (
					"$(inherited)",
					"@executable_path/Frameworks",
					"@loader_path/Frameworks",
				);
				PRODUCT_BUNDLE_IDENTIFIER = com.apinto.expensesAppUITests;
				PRODUCT_NAME = "$(TARGET_NAME)";
				SWIFT_VERSION = 5.0;
				TARGETED_DEVICE_FAMILY = "1,2";
				TEST_TARGET_NAME = expensesApp;
			};
			name = Debug;
		};
		8E2068C725C9948D006C03C8 /* Release */ = {
			isa = XCBuildConfiguration;
			buildSettings = {
				ALWAYS_EMBED_SWIFT_STANDARD_LIBRARIES = YES;
				CODE_SIGN_STYLE = Automatic;
				DEVELOPMENT_TEAM = 9A7SR3D845;
				INFOPLIST_FILE = expensesAppUITests/Info.plist;
				IPHONEOS_DEPLOYMENT_TARGET = 14.0;
				LD_RUNPATH_SEARCH_PATHS = (
					"$(inherited)",
					"@executable_path/Frameworks",
					"@loader_path/Frameworks",
				);
				PRODUCT_BUNDLE_IDENTIFIER = com.apinto.expensesAppUITests;
				PRODUCT_NAME = "$(TARGET_NAME)";
				SWIFT_VERSION = 5.0;
				TARGETED_DEVICE_FAMILY = "1,2";
				TEST_TARGET_NAME = expensesApp;
			};
			name = Release;
		};
/* End XCBuildConfiguration section */

/* Begin XCConfigurationList section */
		8E20689025C9948B006C03C8 /* Build configuration list for PBXProject "expensesApp" */ = {
			isa = XCConfigurationList;
			buildConfigurations = (
				8E2068BD25C9948D006C03C8 /* Debug */,
				8E2068BE25C9948D006C03C8 /* Release */,
			);
			defaultConfigurationIsVisible = 0;
			defaultConfigurationName = Release;
		};
		8E2068BF25C9948D006C03C8 /* Build configuration list for PBXNativeTarget "expensesApp" */ = {
			isa = XCConfigurationList;
			buildConfigurations = (
				8E2068C025C9948D006C03C8 /* Debug */,
				8E2068C125C9948D006C03C8 /* Release */,
			);
			defaultConfigurationIsVisible = 0;
			defaultConfigurationName = Release;
		};
		8E2068C225C9948D006C03C8 /* Build configuration list for PBXNativeTarget "expensesAppTests" */ = {
			isa = XCConfigurationList;
			buildConfigurations = (
				8E2068C325C9948D006C03C8 /* Debug */,
				8E2068C425C9948D006C03C8 /* Release */,
			);
			defaultConfigurationIsVisible = 0;
			defaultConfigurationName = Release;
		};
		8E2068C525C9948D006C03C8 /* Build configuration list for PBXNativeTarget "expensesAppUITests" */ = {
			isa = XCConfigurationList;
			buildConfigurations = (
				8E2068C625C9948D006C03C8 /* Debug */,
				8E2068C725C9948D006C03C8 /* Release */,
			);
			defaultConfigurationIsVisible = 0;
			defaultConfigurationName = Release;
		};
/* End XCConfigurationList section */
	};
	rootObject = 8E20688D25C9948B006C03C8 /* Project object */;
}
